
Microsoft Visual Studio Solution File, Format Version 12.00
# Visual Studio Version 16
VisualStudioVersion = 16.0.31911.196
MinimumVisualStudioVersion = 10.0.40219.1
Project("{8BC9CEB8-8B4A-11D0-8D11-00A0C91BC942}") = "zadanieClab1prg", "zadanieClab1prg\zadanieClab1prg.vcxproj", "{547FDF2B-6114-4193-9B97-5B622E174F54}"
EndProject
Global
	GlobalSection(SolutionConfigurationPlatforms) = preSolution
		Debug|x64 = Debug|x64
		Debug|x86 = Debug|x86
		Release|x64 = Release|x64
		Release|x86 = Release|x86
	EndGlobalSection
	GlobalSection(ProjectConfigurationPlatforms) = postSolution
		{547FDF2B-6114-4193-9B97-5B622E174F54}.Debug|x64.ActiveCfg = Debug|x64
		{547FDF2B-6114-4193-9B97-5B622E174F54}.Debug|x64.Build.0 = Debug|x64
		{547FDF2B-6114-4193-9B97-5B622E174F54}.Debug|x86.ActiveCfg = Debug|Win32
		{547FDF2B-6114-4193-9B97-5B622E174F54}.Debug|x86.Build.0 = Debug|Win32
		{547FDF2B-6114-4193-9B97-5B622E174F54}.Release|x64.ActiveCfg = Release|x64
		{547FDF2B-6114-4193-9B97-5B622E174F54}.Release|x64.Build.0 = Release|x64
		{547FDF2B-6114-4193-9B97-5B622E174F54}.Release|x86.ActiveCfg = Release|Win32
		{547FDF2B-6114-4193-9B97-5B622E174F54}.Release|x86.Build.0 = Release|Win32
	EndGlobalSection
	GlobalSection(SolutionProperties) = preSolution
		HideSolutionNode = FALSE
	EndGlobalSection
	GlobalSection(ExtensibilityGlobals) = postSolution
		SolutionGuid = {31C2D1E2-887D-4E2E-B511-163FE3CD8DE8}
	EndGlobalSection
EndGlobal
