
Microsoft Visual Studio Solution File, Format Version 12.00
# Visual Studio Version 16
VisualStudioVersion = 16.0.31911.196
MinimumVisualStudioVersion = 10.0.40219.1
Project("{8BC9CEB8-8B4A-11D0-8D11-00A0C91BC942}") = "zad4lab3prg", "zad4lab3prg\zad4lab3prg.vcxproj", "{550A14FA-85CC-47F7-B6AF-65BCDA851A66}"
EndProject
Global
	GlobalSection(SolutionConfigurationPlatforms) = preSolution
		Debug|x64 = Debug|x64
		Debug|x86 = Debug|x86
		Release|x64 = Release|x64
		Release|x86 = Release|x86
	EndGlobalSection
	GlobalSection(ProjectConfigurationPlatforms) = postSolution
		{550A14FA-85CC-47F7-B6AF-65BCDA851A66}.Debug|x64.ActiveCfg = Debug|x64
		{550A14FA-85CC-47F7-B6AF-65BCDA851A66}.Debug|x64.Build.0 = Debug|x64
		{550A14FA-85CC-47F7-B6AF-65BCDA851A66}.Debug|x86.ActiveCfg = Debug|Win32
		{550A14FA-85CC-47F7-B6AF-65BCDA851A66}.Debug|x86.Build.0 = Debug|Win32
		{550A14FA-85CC-47F7-B6AF-65BCDA851A66}.Release|x64.ActiveCfg = Release|x64
		{550A14FA-85CC-47F7-B6AF-65BCDA851A66}.Release|x64.Build.0 = Release|x64
		{550A14FA-85CC-47F7-B6AF-65BCDA851A66}.Release|x86.ActiveCfg = Release|Win32
		{550A14FA-85CC-47F7-B6AF-65BCDA851A66}.Release|x86.Build.0 = Release|Win32
	EndGlobalSection
	GlobalSection(SolutionProperties) = preSolution
		HideSolutionNode = FALSE
	EndGlobalSection
	GlobalSection(ExtensibilityGlobals) = postSolution
		SolutionGuid = {E440607B-2D59-4195-A42C-12C344ECE4F5}
	EndGlobalSection
EndGlobal
