
Microsoft Visual Studio Solution File, Format Version 12.00
# Visual Studio Version 16
VisualStudioVersion = 16.0.31911.196
MinimumVisualStudioVersion = 10.0.40219.1
Project("{8BC9CEB8-8B4A-11D0-8D11-00A0C91BC942}") = "nauka_obiektowego", "nauka_obiektowego\nauka_obiektowego.vcxproj", "{F00F8B10-C1FC-4964-BDC6-656A573E7126}"
EndProject
Global
	GlobalSection(SolutionConfigurationPlatforms) = preSolution
		Debug|x64 = Debug|x64
		Debug|x86 = Debug|x86
		Release|x64 = Release|x64
		Release|x86 = Release|x86
	EndGlobalSection
	GlobalSection(ProjectConfigurationPlatforms) = postSolution
		{F00F8B10-C1FC-4964-BDC6-656A573E7126}.Debug|x64.ActiveCfg = Debug|x64
		{F00F8B10-C1FC-4964-BDC6-656A573E7126}.Debug|x64.Build.0 = Debug|x64
		{F00F8B10-C1FC-4964-BDC6-656A573E7126}.Debug|x86.ActiveCfg = Debug|Win32
		{F00F8B10-C1FC-4964-BDC6-656A573E7126}.Debug|x86.Build.0 = Debug|Win32
		{F00F8B10-C1FC-4964-BDC6-656A573E7126}.Release|x64.ActiveCfg = Release|x64
		{F00F8B10-C1FC-4964-BDC6-656A573E7126}.Release|x64.Build.0 = Release|x64
		{F00F8B10-C1FC-4964-BDC6-656A573E7126}.Release|x86.ActiveCfg = Release|Win32
		{F00F8B10-C1FC-4964-BDC6-656A573E7126}.Release|x86.Build.0 = Release|Win32
	EndGlobalSection
	GlobalSection(SolutionProperties) = preSolution
		HideSolutionNode = FALSE
	EndGlobalSection
	GlobalSection(ExtensibilityGlobals) = postSolution
		SolutionGuid = {4158203B-AAAC-4B66-A0D9-832CB2E5C4AF}
	EndGlobalSection
EndGlobal
