
Microsoft Visual Studio Solution File, Format Version 12.00
# Visual Studio Version 16
VisualStudioVersion = 16.0.31911.196
MinimumVisualStudioVersion = 10.0.40219.1
Project("{8BC9CEB8-8B4A-11D0-8D11-00A0C91BC942}") = "zad0lab3prg", "zad0lab3prg\zad0lab3prg.vcxproj", "{0C67D9F8-B2E7-4F95-887D-DCC54101799B}"
EndProject
Global
	GlobalSection(SolutionConfigurationPlatforms) = preSolution
		Debug|x64 = Debug|x64
		Debug|x86 = Debug|x86
		Release|x64 = Release|x64
		Release|x86 = Release|x86
	EndGlobalSection
	GlobalSection(ProjectConfigurationPlatforms) = postSolution
		{0C67D9F8-B2E7-4F95-887D-DCC54101799B}.Debug|x64.ActiveCfg = Debug|x64
		{0C67D9F8-B2E7-4F95-887D-DCC54101799B}.Debug|x64.Build.0 = Debug|x64
		{0C67D9F8-B2E7-4F95-887D-DCC54101799B}.Debug|x86.ActiveCfg = Debug|Win32
		{0C67D9F8-B2E7-4F95-887D-DCC54101799B}.Debug|x86.Build.0 = Debug|Win32
		{0C67D9F8-B2E7-4F95-887D-DCC54101799B}.Release|x64.ActiveCfg = Release|x64
		{0C67D9F8-B2E7-4F95-887D-DCC54101799B}.Release|x64.Build.0 = Release|x64
		{0C67D9F8-B2E7-4F95-887D-DCC54101799B}.Release|x86.ActiveCfg = Release|Win32
		{0C67D9F8-B2E7-4F95-887D-DCC54101799B}.Release|x86.Build.0 = Release|Win32
	EndGlobalSection
	GlobalSection(SolutionProperties) = preSolution
		HideSolutionNode = FALSE
	EndGlobalSection
	GlobalSection(ExtensibilityGlobals) = postSolution
		SolutionGuid = {A349E9B3-A011-491A-AD3B-FD54DD41E837}
	EndGlobalSection
EndGlobal
